// !$*UTF8*$!
{
	archiveVersion = 1;
	classes = {
	};
	objectVersion = 46;
	objects = {

/* Begin PBXBuildFile section */
		0091D8F90E81B9330029341E /* OpenGL.framework in Frameworks */ = {isa = PBXBuildFile; fileRef = 0091D8F80E81B9330029341E /* OpenGL.framework */; };
		00B784B30FF439BC000DE1D7 /* Accelerate.framework in Frameworks */ = {isa = PBXBuildFile; fileRef = 00B784AF0FF439BC000DE1D7 /* Accelerate.framework */; };
		00B784B40FF439BC000DE1D7 /* AudioToolbox.framework in Frameworks */ = {isa = PBXBuildFile; fileRef = 00B784B00FF439BC000DE1D7 /* AudioToolbox.framework */; };
		00B784B50FF439BC000DE1D7 /* AudioUnit.framework in Frameworks */ = {isa = PBXBuildFile; fileRef = 00B784B10FF439BC000DE1D7 /* AudioUnit.framework */; };
		00B784B60FF439BC000DE1D7 /* CoreAudio.framework in Frameworks */ = {isa = PBXBuildFile; fileRef = 00B784B20FF439BC000DE1D7 /* CoreAudio.framework */; };
		0720279C7FDE4B6483BEC06F /* OscBundle.cpp in Sources */ = {isa = PBXBuildFile; fileRef = 7AE5FDC92A904DDE9442B0FB /* OscBundle.cpp */; };
		207371288BDB48D69753F2FC /* NetworkingUtils.cpp in Sources */ = {isa = PBXBuildFile; fileRef = CE4A33B66A974825B71B8B1E /* NetworkingUtils.cpp */; };
		25B03B734F0340AA97E91A25 /* OscReceivedElements.cpp in Sources */ = {isa = PBXBuildFile; fileRef = BFA7C89FE9B1446287532A34 /* OscReceivedElements.cpp */; };
		293BE4F3A937425DA1042CBB /* OscTypes.cpp in Sources */ = {isa = PBXBuildFile; fileRef = D8B0760D79F641968E629638 /* OscTypes.cpp */; };
		5323E6B20EAFCA74003A9687 /* CoreVideo.framework in Frameworks */ = {isa = PBXBuildFile; fileRef = 5323E6B10EAFCA74003A9687 /* CoreVideo.framework */; };
		5323E6B60EAFCA7E003A9687 /* QTKit.framework in Frameworks */ = {isa = PBXBuildFile; fileRef = 5323E6B50EAFCA7E003A9687 /* QTKit.framework */; };
		55B47DAA06944F3BAB4B4A20 /* OscPrintReceivedElements.cpp in Sources */ = {isa = PBXBuildFile; fileRef = D501AB2EB8EF42879D0E9641 /* OscPrintReceivedElements.cpp */; };
		5928ABE55294476A9141FEA0 /* OscSender.cpp in Sources */ = {isa = PBXBuildFile; fileRef = FCDB8AEDFEA04C12A5819296 /* OscSender.cpp */; };
		70B645AD7DC344D19C7A9F71 /* OscListener.cpp in Sources */ = {isa = PBXBuildFile; fileRef = DB2C809D9C6D4B3D8E34DDD2 /* OscListener.cpp */; };
		8D11072F0486CEB800E47090 /* Cocoa.framework in Frameworks */ = {isa = PBXBuildFile; fileRef = 1058C7A1FEA54F0111CA2CBB /* Cocoa.framework */; };
		90469FE81AF033D7008E56E4 /* ConfettiTune.cpp in Sources */ = {isa = PBXBuildFile; fileRef = 90469FE61AF033D7008E56E4 /* ConfettiTune.cpp */; };
		904AD65E1AE89B4100A0D8A6 /* Camera Notes.txt in Resources */ = {isa = PBXBuildFile; fileRef = 904AD65D1AE89B4100A0D8A6 /* Camera Notes.txt */; };
		904AD6611AE9B63500A0D8A6 /* Particle.cpp in Sources */ = {isa = PBXBuildFile; fileRef = 904AD65F1AE9B63500A0D8A6 /* Particle.cpp */; };
		904AD6641AE9B77B00A0D8A6 /* ParticleCollection.cpp in Sources */ = {isa = PBXBuildFile; fileRef = 904AD6621AE9B77B00A0D8A6 /* ParticleCollection.cpp */; };
		90CBC87D1AEAD6EF009BFF96 /* Test.cpp in Sources */ = {isa = PBXBuildFile; fileRef = 90CBC87B1AEAD6EF009BFF96 /* Test.cpp */; };
		ADA077F08D6F43CAA48934A5 /* CinderApp.icns in Resources */ = {isa = PBXBuildFile; fileRef = B210E429BF7E4B47A323AFCC /* CinderApp.icns */; };
		B2164BF8C3B34764A971D6E6 /* OscMessage.cpp in Sources */ = {isa = PBXBuildFile; fileRef = 6ED22695F32A42B5BF7740DD /* OscMessage.cpp */; };
		BC54C5E1D7E14A738CA53807 /* UdpSocket.cpp in Sources */ = {isa = PBXBuildFile; fileRef = 63EE74FB8B9D46F2B358F2BD /* UdpSocket.cpp */; };
		BFDDD0922FB4487BAF2BC226 /* OscOutboundPacketStream.cpp in Sources */ = {isa = PBXBuildFile; fileRef = 8E8E5812B61B466B9B256014 /* OscOutboundPacketStream.cpp */; };
		D626F43DA7F8450DA8D29C9C /* ConfettiVisionApp.cpp in Sources */ = {isa = PBXBuildFile; fileRef = 86FECB43FDBC42E9BDD1CC0A /* ConfettiVisionApp.cpp */; };
		FA4829CC86964638B5A3E484 /* IpEndpointName.cpp in Sources */ = {isa = PBXBuildFile; fileRef = F13E0D3C6F6D42188A30D813 /* IpEndpointName.cpp */; };
/* End PBXBuildFile section */

/* Begin PBXFileReference section */
		0091D8F80E81B9330029341E /* OpenGL.framework */ = {isa = PBXFileReference; lastKnownFileType = wrapper.framework; name = OpenGL.framework; path = /System/Library/Frameworks/OpenGL.framework; sourceTree = "<absolute>"; };
		00B784AF0FF439BC000DE1D7 /* Accelerate.framework */ = {isa = PBXFileReference; lastKnownFileType = wrapper.framework; name = Accelerate.framework; path = System/Library/Frameworks/Accelerate.framework; sourceTree = SDKROOT; };
		00B784B00FF439BC000DE1D7 /* AudioToolbox.framework */ = {isa = PBXFileReference; lastKnownFileType = wrapper.framework; name = AudioToolbox.framework; path = System/Library/Frameworks/AudioToolbox.framework; sourceTree = SDKROOT; };
		00B784B10FF439BC000DE1D7 /* AudioUnit.framework */ = {isa = PBXFileReference; lastKnownFileType = wrapper.framework; name = AudioUnit.framework; path = System/Library/Frameworks/AudioUnit.framework; sourceTree = SDKROOT; };
		00B784B20FF439BC000DE1D7 /* CoreAudio.framework */ = {isa = PBXFileReference; lastKnownFileType = wrapper.framework; name = CoreAudio.framework; path = System/Library/Frameworks/CoreAudio.framework; sourceTree = SDKROOT; };
		018237071BCA4B4F954F8E3B /* OscHostEndianness.h */ = {isa = PBXFileReference; lastKnownFileType = sourcecode.c.h; name = OscHostEndianness.h; path = "../../../../../../dc/projects/google sound burst/software/cinder_0.8.6/blocks/OSC/src/osc/OscHostEndianness.h"; sourceTree = "<group>"; };
		069A876614984267B86C860E /* Resources.h */ = {isa = PBXFileReference; lastKnownFileType = sourcecode.c.h; name = Resources.h; path = ../include/Resources.h; sourceTree = "<group>"; };
		06E9ACBFF59E4576A6493728 /* UdpSocket.h */ = {isa = PBXFileReference; lastKnownFileType = sourcecode.c.h; name = UdpSocket.h; path = "../../../../../../dc/projects/google sound burst/software/cinder_0.8.6/blocks/OSC/src/ip/UdpSocket.h"; sourceTree = "<group>"; };
		1058C7A1FEA54F0111CA2CBB /* Cocoa.framework */ = {isa = PBXFileReference; lastKnownFileType = wrapper.framework; name = Cocoa.framework; path = /System/Library/Frameworks/Cocoa.framework; sourceTree = "<absolute>"; };
		1EF1ADC18AA441CBA5B79B3F /* CinderOpenCV.h */ = {isa = PBXFileReference; lastKnownFileType = sourcecode.c.h; name = CinderOpenCV.h; path = ../blocks/OpenCV/include/CinderOpenCV.h; sourceTree = "<group>"; };
		235343831B4B4E1399907FCD /* OscTypes.h */ = {isa = PBXFileReference; lastKnownFileType = sourcecode.c.h; name = OscTypes.h; path = "../../../../../../dc/projects/google sound burst/software/cinder_0.8.6/blocks/OSC/src/osc/OscTypes.h"; sourceTree = "<group>"; };
		29B97324FDCFA39411CA2CEA /* AppKit.framework */ = {isa = PBXFileReference; lastKnownFileType = wrapper.framework; name = AppKit.framework; path = /System/Library/Frameworks/AppKit.framework; sourceTree = "<absolute>"; };
		29B97325FDCFA39411CA2CEA /* Foundation.framework */ = {isa = PBXFileReference; lastKnownFileType = wrapper.framework; name = Foundation.framework; path = /System/Library/Frameworks/Foundation.framework; sourceTree = "<absolute>"; };
		2A93F34DFF314DD6AF81D4F6 /* OscSender.h */ = {isa = PBXFileReference; lastKnownFileType = sourcecode.c.h; name = OscSender.h; path = "../../../../../../dc/projects/google sound burst/software/cinder_0.8.6/blocks/OSC/src/OscSender.h"; sourceTree = "<group>"; };
		30E8417377FF48DAAA900AB1 /* TimerListener.h */ = {isa = PBXFileReference; lastKnownFileType = sourcecode.c.h; name = TimerListener.h; path = "../../../../../../dc/projects/google sound burst/software/cinder_0.8.6/blocks/OSC/src/ip/TimerListener.h"; sourceTree = "<group>"; };
		4C84709335574285B35946D4 /* OscArg.h */ = {isa = PBXFileReference; lastKnownFileType = sourcecode.c.h; name = OscArg.h; path = "../../../../../../dc/projects/google sound burst/software/cinder_0.8.6/blocks/OSC/src/OscArg.h"; sourceTree = "<group>"; };
		5323E6B10EAFCA74003A9687 /* CoreVideo.framework */ = {isa = PBXFileReference; lastKnownFileType = wrapper.framework; name = CoreVideo.framework; path = /System/Library/Frameworks/CoreVideo.framework; sourceTree = "<absolute>"; };
		5323E6B50EAFCA7E003A9687 /* QTKit.framework */ = {isa = PBXFileReference; lastKnownFileType = wrapper.framework; name = QTKit.framework; path = /System/Library/Frameworks/QTKit.framework; sourceTree = "<absolute>"; };
		5AF747AA9D944A89BB0A099F /* OscException.h */ = {isa = PBXFileReference; lastKnownFileType = sourcecode.c.h; name = OscException.h; path = "../../../../../../dc/projects/google sound burst/software/cinder_0.8.6/blocks/OSC/src/osc/OscException.h"; sourceTree = "<group>"; };
		6188896B8769432BA2F602A7 /* Info.plist */ = {isa = PBXFileReference; lastKnownFileType = text.plist.xml; path = Info.plist; sourceTree = "<group>"; };
		63EE74FB8B9D46F2B358F2BD /* UdpSocket.cpp */ = {isa = PBXFileReference; lastKnownFileType = sourcecode.c.cpp; name = UdpSocket.cpp; path = "../../../../../../dc/projects/google sound burst/software/cinder_0.8.6/blocks/OSC/src/ip/posix/UdpSocket.cpp"; sourceTree = "<group>"; };
		6D4CFF2CBD604516AB842DA0 /* OscReceivedElements.h */ = {isa = PBXFileReference; lastKnownFileType = sourcecode.c.h; name = OscReceivedElements.h; path = "../../../../../../dc/projects/google sound burst/software/cinder_0.8.6/blocks/OSC/src/osc/OscReceivedElements.h"; sourceTree = "<group>"; };
		6ED22695F32A42B5BF7740DD /* OscMessage.cpp */ = {isa = PBXFileReference; lastKnownFileType = sourcecode.c.cpp; name = OscMessage.cpp; path = "../../../../../../dc/projects/google sound burst/software/cinder_0.8.6/blocks/OSC/src/OscMessage.cpp"; sourceTree = "<group>"; };
		78812A6AF446464EA5A45FAE /* OscOutboundPacketStream.h */ = {isa = PBXFileReference; lastKnownFileType = sourcecode.c.h; name = OscOutboundPacketStream.h; path = "../../../../../../dc/projects/google sound burst/software/cinder_0.8.6/blocks/OSC/src/osc/OscOutboundPacketStream.h"; sourceTree = "<group>"; };
		78A96FE0E25642C1B466D163 /* OscPacketListener.h */ = {isa = PBXFileReference; lastKnownFileType = sourcecode.c.h; name = OscPacketListener.h; path = "../../../../../../dc/projects/google sound burst/software/cinder_0.8.6/blocks/OSC/src/osc/OscPacketListener.h"; sourceTree = "<group>"; };
		7AE5FDC92A904DDE9442B0FB /* OscBundle.cpp */ = {isa = PBXFileReference; lastKnownFileType = sourcecode.c.cpp; name = OscBundle.cpp; path = "../../../../../../dc/projects/google sound burst/software/cinder_0.8.6/blocks/OSC/src/OscBundle.cpp"; sourceTree = "<group>"; };
		83D214F495E1411C911766BC /* OscBundle.h */ = {isa = PBXFileReference; lastKnownFileType = sourcecode.c.h; name = OscBundle.h; path = "../../../../../../dc/projects/google sound burst/software/cinder_0.8.6/blocks/OSC/src/OscBundle.h"; sourceTree = "<group>"; };
		86FECB43FDBC42E9BDD1CC0A /* ConfettiVisionApp.cpp */ = {isa = PBXFileReference; lastKnownFileType = sourcecode.c.cpp; name = ConfettiVisionApp.cpp; path = ../src/ConfettiVisionApp.cpp; sourceTree = "<group>"; };
		8D1107320486CEB800E47090 /* ConfettiVision.app */ = {isa = PBXFileReference; explicitFileType = wrapper.application; includeInIndex = 0; path = ConfettiVision.app; sourceTree = BUILT_PRODUCTS_DIR; };
		8E8E5812B61B466B9B256014 /* OscOutboundPacketStream.cpp */ = {isa = PBXFileReference; lastKnownFileType = sourcecode.c.cpp; name = OscOutboundPacketStream.cpp; path = "../../../../../../dc/projects/google sound burst/software/cinder_0.8.6/blocks/OSC/src/osc/OscOutboundPacketStream.cpp"; sourceTree = "<group>"; };
		90469FE61AF033D7008E56E4 /* ConfettiTune.cpp */ = {isa = PBXFileReference; fileEncoding = 4; lastKnownFileType = sourcecode.cpp.cpp; path = ConfettiTune.cpp; sourceTree = "<group>"; };
		90469FE71AF033D7008E56E4 /* ConfettiTune.h */ = {isa = PBXFileReference; fileEncoding = 4; lastKnownFileType = sourcecode.c.h; path = ConfettiTune.h; sourceTree = "<group>"; };
		904AD65D1AE89B4100A0D8A6 /* Camera Notes.txt */ = {isa = PBXFileReference; fileEncoding = 4; lastKnownFileType = text; path = "Camera Notes.txt"; sourceTree = "<group>"; };
		904AD65F1AE9B63500A0D8A6 /* Particle.cpp */ = {isa = PBXFileReference; fileEncoding = 4; lastKnownFileType = sourcecode.cpp.cpp; path = Particle.cpp; sourceTree = "<group>"; };
		904AD6601AE9B63500A0D8A6 /* Particle.h */ = {isa = PBXFileReference; fileEncoding = 4; lastKnownFileType = sourcecode.c.h; path = Particle.h; sourceTree = "<group>"; };
		904AD6621AE9B77B00A0D8A6 /* ParticleCollection.cpp */ = {isa = PBXFileReference; fileEncoding = 4; lastKnownFileType = sourcecode.cpp.cpp; path = ParticleCollection.cpp; sourceTree = "<group>"; };
		904AD6631AE9B77B00A0D8A6 /* ParticleCollection.h */ = {isa = PBXFileReference; fileEncoding = 4; lastKnownFileType = sourcecode.c.h; path = ParticleCollection.h; sourceTree = "<group>"; };
		90CBC87B1AEAD6EF009BFF96 /* Test.cpp */ = {isa = PBXFileReference; fileEncoding = 4; lastKnownFileType = sourcecode.cpp.cpp; path = Test.cpp; sourceTree = "<group>"; };
		90CBC87C1AEAD6EF009BFF96 /* Test.h */ = {isa = PBXFileReference; fileEncoding = 4; lastKnownFileType = sourcecode.c.h; path = Test.h; sourceTree = "<group>"; };
		9C05E13EC9964139AD311E40 /* OscListener.h */ = {isa = PBXFileReference; lastKnownFileType = sourcecode.c.h; name = OscListener.h; path = "../../../../../../dc/projects/google sound burst/software/cinder_0.8.6/blocks/OSC/src/OscListener.h"; sourceTree = "<group>"; };
		A0ACFA7B9F7045AAA64CC41A /* IpEndpointName.h */ = {isa = PBXFileReference; lastKnownFileType = sourcecode.c.h; name = IpEndpointName.h; path = "../../../../../../dc/projects/google sound burst/software/cinder_0.8.6/blocks/OSC/src/ip/IpEndpointName.h"; sourceTree = "<group>"; };
		A6859F64099745B9AF35E566 /* OscMessage.h */ = {isa = PBXFileReference; lastKnownFileType = sourcecode.c.h; name = OscMessage.h; path = "../../../../../../dc/projects/google sound burst/software/cinder_0.8.6/blocks/OSC/src/OscMessage.h"; sourceTree = "<group>"; };
		AD3CBCEB72E644F1BA303997 /* ConfettiVision_Prefix.pch */ = {isa = PBXFileReference; lastKnownFileType = "\"\""; path = ConfettiVision_Prefix.pch; sourceTree = "<group>"; };
		B210E429BF7E4B47A323AFCC /* CinderApp.icns */ = {isa = PBXFileReference; lastKnownFileType = image.icns; name = CinderApp.icns; path = ../resources/CinderApp.icns; sourceTree = "<group>"; };
		BFA7C89FE9B1446287532A34 /* OscReceivedElements.cpp */ = {isa = PBXFileReference; lastKnownFileType = sourcecode.c.cpp; name = OscReceivedElements.cpp; path = "../../../../../../dc/projects/google sound burst/software/cinder_0.8.6/blocks/OSC/src/osc/OscReceivedElements.cpp"; sourceTree = "<group>"; };
		CE4A33B66A974825B71B8B1E /* NetworkingUtils.cpp */ = {isa = PBXFileReference; lastKnownFileType = sourcecode.c.cpp; name = NetworkingUtils.cpp; path = "../../../../../../dc/projects/google sound burst/software/cinder_0.8.6/blocks/OSC/src/ip/posix/NetworkingUtils.cpp"; sourceTree = "<group>"; };
		D0BCAEAC4FEC477298B089A5 /* PacketListener.h */ = {isa = PBXFileReference; lastKnownFileType = sourcecode.c.h; name = PacketListener.h; path = "../../../../../../dc/projects/google sound burst/software/cinder_0.8.6/blocks/OSC/src/ip/PacketListener.h"; sourceTree = "<group>"; };
		D29449E8E0A14B1486A71F44 /* MessageMappingOscPacketListener.h */ = {isa = PBXFileReference; lastKnownFileType = sourcecode.c.h; name = MessageMappingOscPacketListener.h; path = "../../../../../../dc/projects/google sound burst/software/cinder_0.8.6/blocks/OSC/src/osc/MessageMappingOscPacketListener.h"; sourceTree = "<group>"; };
		D501AB2EB8EF42879D0E9641 /* OscPrintReceivedElements.cpp */ = {isa = PBXFileReference; lastKnownFileType = sourcecode.c.cpp; name = OscPrintReceivedElements.cpp; path = "../../../../../../dc/projects/google sound burst/software/cinder_0.8.6/blocks/OSC/src/osc/OscPrintReceivedElements.cpp"; sourceTree = "<group>"; };
		D8B0760D79F641968E629638 /* OscTypes.cpp */ = {isa = PBXFileReference; lastKnownFileType = sourcecode.c.cpp; name = OscTypes.cpp; path = "../../../../../../dc/projects/google sound burst/software/cinder_0.8.6/blocks/OSC/src/osc/OscTypes.cpp"; sourceTree = "<group>"; };
		DB2C809D9C6D4B3D8E34DDD2 /* OscListener.cpp */ = {isa = PBXFileReference; lastKnownFileType = sourcecode.c.cpp; name = OscListener.cpp; path = "../../../../../../dc/projects/google sound burst/software/cinder_0.8.6/blocks/OSC/src/OscListener.cpp"; sourceTree = "<group>"; };
		E43A33C442844B538CA5E638 /* NetworkingUtils.h */ = {isa = PBXFileReference; lastKnownFileType = sourcecode.c.h; name = NetworkingUtils.h; path = "../../../../../../dc/projects/google sound burst/software/cinder_0.8.6/blocks/OSC/src/ip/NetworkingUtils.h"; sourceTree = "<group>"; };
		F13E0D3C6F6D42188A30D813 /* IpEndpointName.cpp */ = {isa = PBXFileReference; lastKnownFileType = sourcecode.c.cpp; name = IpEndpointName.cpp; path = "../../../../../../dc/projects/google sound burst/software/cinder_0.8.6/blocks/OSC/src/ip/IpEndpointName.cpp"; sourceTree = "<group>"; };
		F57EB26553244757AE1821B5 /* OscPrintReceivedElements.h */ = {isa = PBXFileReference; lastKnownFileType = sourcecode.c.h; name = OscPrintReceivedElements.h; path = "../../../../../../dc/projects/google sound burst/software/cinder_0.8.6/blocks/OSC/src/osc/OscPrintReceivedElements.h"; sourceTree = "<group>"; };
		FCDB8AEDFEA04C12A5819296 /* OscSender.cpp */ = {isa = PBXFileReference; lastKnownFileType = sourcecode.c.cpp; name = OscSender.cpp; path = "../../../../../../dc/projects/google sound burst/software/cinder_0.8.6/blocks/OSC/src/OscSender.cpp"; sourceTree = "<group>"; };
/* End PBXFileReference section */

/* Begin PBXFrameworksBuildPhase section */
		8D11072E0486CEB800E47090 /* Frameworks */ = {
			isa = PBXFrameworksBuildPhase;
			buildActionMask = 2147483647;
			files = (
				8D11072F0486CEB800E47090 /* Cocoa.framework in Frameworks */,
				0091D8F90E81B9330029341E /* OpenGL.framework in Frameworks */,
				5323E6B20EAFCA74003A9687 /* CoreVideo.framework in Frameworks */,
				5323E6B60EAFCA7E003A9687 /* QTKit.framework in Frameworks */,
				00B784B30FF439BC000DE1D7 /* Accelerate.framework in Frameworks */,
				00B784B40FF439BC000DE1D7 /* AudioToolbox.framework in Frameworks */,
				00B784B50FF439BC000DE1D7 /* AudioUnit.framework in Frameworks */,
				00B784B60FF439BC000DE1D7 /* CoreAudio.framework in Frameworks */,
			);
			runOnlyForDeploymentPostprocessing = 0;
		};
/* End PBXFrameworksBuildPhase section */

/* Begin PBXGroup section */
		01B97315FEAEA392516A2CEA /* Blocks */ = {
			isa = PBXGroup;
			children = (
				BBD519D2194D4AFDBFF1EFE3 /* OpenCV */,
				76C0E2F484B34C5299D26F4F /* OSC */,
			);
			name = Blocks;
			sourceTree = "<group>";
		};
		0529FEF989AB4254AA144CC0 /* ip */ = {
			isa = PBXGroup;
			children = (
				F13E0D3C6F6D42188A30D813 /* IpEndpointName.cpp */,
				A0ACFA7B9F7045AAA64CC41A /* IpEndpointName.h */,
				E43A33C442844B538CA5E638 /* NetworkingUtils.h */,
				D0BCAEAC4FEC477298B089A5 /* PacketListener.h */,
				30E8417377FF48DAAA900AB1 /* TimerListener.h */,
				06E9ACBFF59E4576A6493728 /* UdpSocket.h */,
				2709103CC376421AACD7A867 /* posix */,
			);
			name = ip;
			sourceTree = "<group>";
		};
		080E96DDFE201D6D7F000001 /* Source */ = {
			isa = PBXGroup;
			children = (
				86FECB43FDBC42E9BDD1CC0A /* ConfettiVisionApp.cpp */,
				90469FE61AF033D7008E56E4 /* ConfettiTune.cpp */,
				90469FE71AF033D7008E56E4 /* ConfettiTune.h */,
				904AD65F1AE9B63500A0D8A6 /* Particle.cpp */,
				904AD6601AE9B63500A0D8A6 /* Particle.h */,
				90CBC87B1AEAD6EF009BFF96 /* Test.cpp */,
				90CBC87C1AEAD6EF009BFF96 /* Test.h */,
				904AD6621AE9B77B00A0D8A6 /* ParticleCollection.cpp */,
				904AD6631AE9B77B00A0D8A6 /* ParticleCollection.h */,
			);
			name = Source;
			sourceTree = "<group>";
		};
		1058C7A0FEA54F0111CA2CBB /* Linked Frameworks */ = {
			isa = PBXGroup;
			children = (
				00B784AF0FF439BC000DE1D7 /* Accelerate.framework */,
				00B784B00FF439BC000DE1D7 /* AudioToolbox.framework */,
				00B784B10FF439BC000DE1D7 /* AudioUnit.framework */,
				00B784B20FF439BC000DE1D7 /* CoreAudio.framework */,
				5323E6B50EAFCA7E003A9687 /* QTKit.framework */,
				5323E6B10EAFCA74003A9687 /* CoreVideo.framework */,
				0091D8F80E81B9330029341E /* OpenGL.framework */,
				1058C7A1FEA54F0111CA2CBB /* Cocoa.framework */,
			);
			name = "Linked Frameworks";
			sourceTree = "<group>";
		};
		1058C7A2FEA54F0111CA2CBB /* Other Frameworks */ = {
			isa = PBXGroup;
			children = (
				29B97324FDCFA39411CA2CEA /* AppKit.framework */,
				29B97325FDCFA39411CA2CEA /* Foundation.framework */,
			);
			name = "Other Frameworks";
			sourceTree = "<group>";
		};
		19C28FACFE9D520D11CA2CBB /* Products */ = {
			isa = PBXGroup;
			children = (
				8D1107320486CEB800E47090 /* ConfettiVision.app */,
			);
			name = Products;
			sourceTree = "<group>";
		};
		1AEE07AF919A4197BDC2782E /* osc */ = {
			isa = PBXGroup;
			children = (
				8E8E5812B61B466B9B256014 /* OscOutboundPacketStream.cpp */,
				D501AB2EB8EF42879D0E9641 /* OscPrintReceivedElements.cpp */,
				BFA7C89FE9B1446287532A34 /* OscReceivedElements.cpp */,
				D8B0760D79F641968E629638 /* OscTypes.cpp */,
				D29449E8E0A14B1486A71F44 /* MessageMappingOscPacketListener.h */,
				5AF747AA9D944A89BB0A099F /* OscException.h */,
				018237071BCA4B4F954F8E3B /* OscHostEndianness.h */,
				78812A6AF446464EA5A45FAE /* OscOutboundPacketStream.h */,
				78A96FE0E25642C1B466D163 /* OscPacketListener.h */,
				F57EB26553244757AE1821B5 /* OscPrintReceivedElements.h */,
				6D4CFF2CBD604516AB842DA0 /* OscReceivedElements.h */,
				235343831B4B4E1399907FCD /* OscTypes.h */,
			);
			name = osc;
			sourceTree = "<group>";
		};
		2709103CC376421AACD7A867 /* posix */ = {
			isa = PBXGroup;
			children = (
				CE4A33B66A974825B71B8B1E /* NetworkingUtils.cpp */,
				63EE74FB8B9D46F2B358F2BD /* UdpSocket.cpp */,
			);
			name = posix;
			sourceTree = "<group>";
		};
		29B97314FDCFA39411CA2CEA /* ConfettiVision */ = {
			isa = PBXGroup;
			children = (
				904AD65D1AE89B4100A0D8A6 /* Camera Notes.txt */,
				01B97315FEAEA392516A2CEA /* Blocks */,
				29B97315FDCFA39411CA2CEA /* Headers */,
				080E96DDFE201D6D7F000001 /* Source */,
				29B97317FDCFA39411CA2CEA /* Resources */,
				29B97323FDCFA39411CA2CEA /* Frameworks */,
				19C28FACFE9D520D11CA2CBB /* Products */,
			);
			name = ConfettiVision;
			sourceTree = "<group>";
		};
		29B97315FDCFA39411CA2CEA /* Headers */ = {
			isa = PBXGroup;
			children = (
				069A876614984267B86C860E /* Resources.h */,
				AD3CBCEB72E644F1BA303997 /* ConfettiVision_Prefix.pch */,
			);
			name = Headers;
			sourceTree = "<group>";
		};
		29B97317FDCFA39411CA2CEA /* Resources */ = {
			isa = PBXGroup;
			children = (
				B210E429BF7E4B47A323AFCC /* CinderApp.icns */,
				6188896B8769432BA2F602A7 /* Info.plist */,
			);
			name = Resources;
			sourceTree = "<group>";
		};
		29B97323FDCFA39411CA2CEA /* Frameworks */ = {
			isa = PBXGroup;
			children = (
				1058C7A0FEA54F0111CA2CBB /* Linked Frameworks */,
				1058C7A2FEA54F0111CA2CBB /* Other Frameworks */,
			);
			name = Frameworks;
			sourceTree = "<group>";
		};
		76C0E2F484B34C5299D26F4F /* OSC */ = {
			isa = PBXGroup;
			children = (
				AC1501C578174AA08D2CF1FC /* src */,
			);
			name = OSC;
			sourceTree = "<group>";
		};
		AC1501C578174AA08D2CF1FC /* src */ = {
			isa = PBXGroup;
			children = (
				7AE5FDC92A904DDE9442B0FB /* OscBundle.cpp */,
				DB2C809D9C6D4B3D8E34DDD2 /* OscListener.cpp */,
				6ED22695F32A42B5BF7740DD /* OscMessage.cpp */,
				FCDB8AEDFEA04C12A5819296 /* OscSender.cpp */,
				0529FEF989AB4254AA144CC0 /* ip */,
				1AEE07AF919A4197BDC2782E /* osc */,
				4C84709335574285B35946D4 /* OscArg.h */,
				83D214F495E1411C911766BC /* OscBundle.h */,
				9C05E13EC9964139AD311E40 /* OscListener.h */,
				A6859F64099745B9AF35E566 /* OscMessage.h */,
				2A93F34DFF314DD6AF81D4F6 /* OscSender.h */,
			);
			name = src;
			sourceTree = "<group>";
		};
		B956E568A12B422F87836F97 /* include */ = {
			isa = PBXGroup;
			children = (
				1EF1ADC18AA441CBA5B79B3F /* CinderOpenCV.h */,
			);
			name = include;
			sourceTree = "<group>";
		};
		BBD519D2194D4AFDBFF1EFE3 /* OpenCV */ = {
			isa = PBXGroup;
			children = (
				B956E568A12B422F87836F97 /* include */,
			);
			name = OpenCV;
			sourceTree = "<group>";
		};
/* End PBXGroup section */

/* Begin PBXNativeTarget section */
		8D1107260486CEB800E47090 /* ConfettiVision */ = {
			isa = PBXNativeTarget;
			buildConfigurationList = C01FCF4A08A954540054247B /* Build configuration list for PBXNativeTarget "ConfettiVision" */;
			buildPhases = (
				8D1107290486CEB800E47090 /* Resources */,
				8D11072C0486CEB800E47090 /* Sources */,
				8D11072E0486CEB800E47090 /* Frameworks */,
			);
			buildRules = (
			);
			dependencies = (
			);
			name = ConfettiVision;
			productInstallPath = "$(HOME)/Applications";
			productName = ConfettiVision;
			productReference = 8D1107320486CEB800E47090 /* ConfettiVision.app */;
			productType = "com.apple.product-type.application";
		};
/* End PBXNativeTarget section */

/* Begin PBXProject section */
		29B97313FDCFA39411CA2CEA /* Project object */ = {
			isa = PBXProject;
			attributes = {
				LastUpgradeCheck = 0510;
			};
			buildConfigurationList = C01FCF4E08A954540054247B /* Build configuration list for PBXProject "ConfettiVision" */;
			compatibilityVersion = "Xcode 3.2";
			developmentRegion = English;
			hasScannedForEncodings = 1;
			knownRegions = (
				English,
				Japanese,
				French,
				German,
			);
			mainGroup = 29B97314FDCFA39411CA2CEA /* ConfettiVision */;
			projectDirPath = "";
			projectRoot = "";
			targets = (
				8D1107260486CEB800E47090 /* ConfettiVision */,
			);
		};
/* End PBXProject section */

/* Begin PBXResourcesBuildPhase section */
		8D1107290486CEB800E47090 /* Resources */ = {
			isa = PBXResourcesBuildPhase;
			buildActionMask = 2147483647;
			files = (
				904AD65E1AE89B4100A0D8A6 /* Camera Notes.txt in Resources */,
				ADA077F08D6F43CAA48934A5 /* CinderApp.icns in Resources */,
			);
			runOnlyForDeploymentPostprocessing = 0;
		};
/* End PBXResourcesBuildPhase section */

/* Begin PBXSourcesBuildPhase section */
		8D11072C0486CEB800E47090 /* Sources */ = {
			isa = PBXSourcesBuildPhase;
			buildActionMask = 2147483647;
			files = (
				904AD6611AE9B63500A0D8A6 /* Particle.cpp in Sources */,
				D626F43DA7F8450DA8D29C9C /* ConfettiVisionApp.cpp in Sources */,
				0720279C7FDE4B6483BEC06F /* OscBundle.cpp in Sources */,
				70B645AD7DC344D19C7A9F71 /* OscListener.cpp in Sources */,
				B2164BF8C3B34764A971D6E6 /* OscMessage.cpp in Sources */,
				5928ABE55294476A9141FEA0 /* OscSender.cpp in Sources */,
				FA4829CC86964638B5A3E484 /* IpEndpointName.cpp in Sources */,
				904AD6641AE9B77B00A0D8A6 /* ParticleCollection.cpp in Sources */,
				BFDDD0922FB4487BAF2BC226 /* OscOutboundPacketStream.cpp in Sources */,
				90469FE81AF033D7008E56E4 /* ConfettiTune.cpp in Sources */,
				90CBC87D1AEAD6EF009BFF96 /* Test.cpp in Sources */,
				55B47DAA06944F3BAB4B4A20 /* OscPrintReceivedElements.cpp in Sources */,
				25B03B734F0340AA97E91A25 /* OscReceivedElements.cpp in Sources */,
				293BE4F3A937425DA1042CBB /* OscTypes.cpp in Sources */,
				207371288BDB48D69753F2FC /* NetworkingUtils.cpp in Sources */,
				BC54C5E1D7E14A738CA53807 /* UdpSocket.cpp in Sources */,
			);
			runOnlyForDeploymentPostprocessing = 0;
		};
/* End PBXSourcesBuildPhase section */

/* Begin XCBuildConfiguration section */
		C01FCF4B08A954540054247B /* Debug */ = {
			isa = XCBuildConfiguration;
			buildSettings = {
				ARCHS = "$(ARCHS_STANDARD_64_BIT)";
				COMBINE_HIDPI_IMAGES = YES;
				COPY_PHASE_STRIP = NO;
				DEAD_CODE_STRIPPING = YES;
				FRAMEWORK_SEARCH_PATHS = (
					"$(inherited)",
					"$(LOCAL_LIBRARY_DIR)/Frameworks",
				);
				GCC_DYNAMIC_NO_PIC = NO;
				GCC_INLINES_ARE_PRIVATE_EXTERN = YES;
				GCC_OPTIMIZATION_LEVEL = 0;
				GCC_PRECOMPILE_PREFIX_HEADER = YES;
				GCC_PREFIX_HEADER = ConfettiVision_Prefix.pch;
				GCC_PREPROCESSOR_DEFINITIONS = (
					"DEBUG=1",
					"$(inherited)",
				);
				GCC_SYMBOLS_PRIVATE_EXTERN = NO;
				INFOPLIST_FILE = Info.plist;
				INSTALL_PATH = "$(HOME)/Applications";
				LIBRARY_SEARCH_PATHS = (
					"$(inherited)",
					"$(PROJECT_DIR)/blocks/OpenCV/lib/macosx",
				);
				OTHER_LDFLAGS = (
					"\"$(CINDER_PATH)/lib/libcinder_d.a\"",
					../blocks/OpenCV/lib/macosx/libopencv_calib3d.a,
					../blocks/OpenCV/lib/macosx/libopencv_contrib.a,
					../blocks/OpenCV/lib/macosx/libopencv_core.a,
					../blocks/OpenCV/lib/macosx/libopencv_features2d.a,
					../blocks/OpenCV/lib/macosx/libopencv_flann.a,
					../blocks/OpenCV/lib/macosx/libopencv_gpu.a,
					../blocks/OpenCV/lib/macosx/libopencv_imgproc.a,
					../blocks/OpenCV/lib/macosx/libopencv_legacy.a,
					../blocks/OpenCV/lib/macosx/libopencv_ml.a,
					../blocks/OpenCV/lib/macosx/libopencv_nonfree.a,
					../blocks/OpenCV/lib/macosx/libopencv_objdetect.a,
					../blocks/OpenCV/lib/macosx/libopencv_ocl.a,
					../blocks/OpenCV/lib/macosx/libopencv_photo.a,
					../blocks/OpenCV/lib/macosx/libopencv_stitching.a,
					../blocks/OpenCV/lib/macosx/libopencv_superres.a,
					../blocks/OpenCV/lib/macosx/libopencv_ts.a,
					../blocks/OpenCV/lib/macosx/libopencv_video.a,
					../blocks/OpenCV/lib/macosx/libopencv_videostab.a,
					/usr/local/lib/libopencv_highgui.dylib,
				);
				PRODUCT_NAME = ConfettiVision;
				SYMROOT = ./build;
				WRAPPER_EXTENSION = app;
			};
			name = Debug;
		};
		C01FCF4C08A954540054247B /* Release */ = {
			isa = XCBuildConfiguration;
			buildSettings = {
				ARCHS = "$(ARCHS_STANDARD_64_BIT)";
				COMBINE_HIDPI_IMAGES = YES;
				DEAD_CODE_STRIPPING = YES;
				DEBUG_INFORMATION_FORMAT = "dwarf-with-dsym";
				FRAMEWORK_SEARCH_PATHS = (
					"$(inherited)",
					"$(LOCAL_LIBRARY_DIR)/Frameworks",
				);
				GCC_FAST_MATH = YES;
				GCC_GENERATE_DEBUGGING_SYMBOLS = NO;
				GCC_INLINES_ARE_PRIVATE_EXTERN = YES;
				GCC_OPTIMIZATION_LEVEL = 3;
				GCC_PRECOMPILE_PREFIX_HEADER = YES;
				GCC_PREFIX_HEADER = ConfettiVision_Prefix.pch;
				GCC_PREPROCESSOR_DEFINITIONS = (
					"NDEBUG=1",
					"$(inherited)",
				);
				GCC_SYMBOLS_PRIVATE_EXTERN = NO;
				INFOPLIST_FILE = Info.plist;
				INSTALL_PATH = "$(HOME)/Applications";
				LIBRARY_SEARCH_PATHS = (
					"$(inherited)",
					"$(PROJECT_DIR)/blocks/OpenCV/lib/macosx",
				);
				OTHER_LDFLAGS = (
					"\"$(CINDER_PATH)/lib/libcinder.a\"",
					../blocks/OpenCV/lib/macosx/libopencv_calib3d.a,
					../blocks/OpenCV/lib/macosx/libopencv_contrib.a,
					../blocks/OpenCV/lib/macosx/libopencv_core.a,
					../blocks/OpenCV/lib/macosx/libopencv_features2d.a,
					../blocks/OpenCV/lib/macosx/libopencv_flann.a,
					../blocks/OpenCV/lib/macosx/libopencv_gpu.a,
					../blocks/OpenCV/lib/macosx/libopencv_imgproc.a,
					../blocks/OpenCV/lib/macosx/libopencv_legacy.a,
					../blocks/OpenCV/lib/macosx/libopencv_ml.a,
					../blocks/OpenCV/lib/macosx/libopencv_nonfree.a,
					../blocks/OpenCV/lib/macosx/libopencv_objdetect.a,
					../blocks/OpenCV/lib/macosx/libopencv_ocl.a,
					../blocks/OpenCV/lib/macosx/libopencv_photo.a,
					../blocks/OpenCV/lib/macosx/libopencv_stitching.a,
					../blocks/OpenCV/lib/macosx/libopencv_superres.a,
					../blocks/OpenCV/lib/macosx/libopencv_ts.a,
					../blocks/OpenCV/lib/macosx/libopencv_video.a,
					../blocks/OpenCV/lib/macosx/libopencv_videostab.a,
					../blocks/OpenCV/lib/macosx/libopencv_highgui.a,
					/usr/local/lib/libopencv_highgui.dylib,
				);
				PRODUCT_NAME = ConfettiVision;
				STRIP_INSTALLED_PRODUCT = YES;
				SYMROOT = ./build;
				WRAPPER_EXTENSION = app;
			};
			name = Release;
		};
		C01FCF4F08A954540054247B /* Debug */ = {
			isa = XCBuildConfiguration;
			buildSettings = {
				ALWAYS_SEARCH_USER_PATHS = YES;
				ARCHS = "$(ARCHS_STANDARD_64_BIT)";
				CINDER_PATH = "../../../../../../dc/projects/google sound burst/software/cinder_0.8.6";
				CLANG_CXX_LANGUAGE_STANDARD = "c++0x";
				CLANG_CXX_LIBRARY = "libc++";
				GCC_OPTIMIZATION_LEVEL = 3;
				GCC_WARN_ABOUT_RETURN_TYPE = YES;
				GCC_WARN_UNUSED_VARIABLE = YES;
				HEADER_SEARCH_PATHS = "\"$(CINDER_PATH)/boost\"";
				LIBRARY_SEARCH_PATHS = "";
				MACOSX_DEPLOYMENT_TARGET = 10.7;
				ONLY_ACTIVE_ARCH = YES;
				SDKROOT = macosx;
				USER_HEADER_SEARCH_PATHS = "\"$(CINDER_PATH)/include\" ../include ../blocks/OpenCV/include ../blocks/OpenCV/include/opencv2 \"../../../../../../dc/projects/google sound burst/software/cinder_0.8.6/blocks/OSC/src\" \"../../../../../../dc/projects/google sound burst/software/cinder_0.8.6/blocks/QuickTime/include\"";
			};
			name = Debug;
		};
		C01FCF5008A954540054247B /* Release */ = {
			isa = XCBuildConfiguration;
			buildSettings = {
				ALWAYS_SEARCH_USER_PATHS = YES;
				ARCHS = "$(ARCHS_STANDARD_64_BIT)";
				CINDER_PATH = "../../../../../../dc/projects/google sound burst/software/cinder_0.8.6";
				CLANG_CXX_LANGUAGE_STANDARD = "c++0x";
				CLANG_CXX_LIBRARY = "libc++";
				GCC_OPTIMIZATION_LEVEL = 3;
				GCC_WARN_ABOUT_RETURN_TYPE = YES;
				GCC_WARN_UNUSED_VARIABLE = YES;
				HEADER_SEARCH_PATHS = "\"$(CINDER_PATH)/boost\"";
				LIBRARY_SEARCH_PATHS = "";
				MACOSX_DEPLOYMENT_TARGET = 10.7;
				SDKROOT = macosx;
				USER_HEADER_SEARCH_PATHS = "\"$(CINDER_PATH)/include\" ../include ../blocks/OpenCV/include ../blocks/OpenCV/include/opencv2 \"../../../../../../dc/projects/google sound burst/software/cinder_0.8.6/blocks/OSC/src\" \"../../../../../../dc/projects/google sound burst/software/cinder_0.8.6/blocks/QuickTime/include\"";
			};
			name = Release;
		};
/* End XCBuildConfiguration section */

/* Begin XCConfigurationList section */
		C01FCF4A08A954540054247B /* Build configuration list for PBXNativeTarget "ConfettiVision" */ = {
			isa = XCConfigurationList;
			buildConfigurations = (
				C01FCF4B08A954540054247B /* Debug */,
				C01FCF4C08A954540054247B /* Release */,
			);
			defaultConfigurationIsVisible = 0;
			defaultConfigurationName = Release;
		};
		C01FCF4E08A954540054247B /* Build configuration list for PBXProject "ConfettiVision" */ = {
			isa = XCConfigurationList;
			buildConfigurations = (
				C01FCF4F08A954540054247B /* Debug */,
				C01FCF5008A954540054247B /* Release */,
			);
			defaultConfigurationIsVisible = 0;
			defaultConfigurationName = Release;
		};
/* End XCConfigurationList section */
	};
	rootObject = 29B97313FDCFA39411CA2CEA /* Project object */;
}
